
Microsoft Visual Studio Solution File, Format Version 12.00
# Visual Studio 15
VisualStudioVersion = 15.0.28307.271
MinimumVisualStudioVersion = 10.0.40219.1
Project("{FAE04EC0-301F-11D3-BF4B-00C04F79EFBC}") = "StudentDataLayer", "StudentDataLayer\StudentDataLayer.csproj", "{016FC8A3-6F63-4798-84C2-53A87BF97E1E}"
EndProject
Project("{FAE04EC0-301F-11D3-BF4B-00C04F79EFBC}") = "StudentDataLayerTesting", "StudentDataLayerTesting\StudentDataLayerTesting.csproj", "{504F5752-0C02-43B1-BEBB-727CA0343D34}"
EndProject
Project("{FAE04EC0-301F-11D3-BF4B-00C04F79EFBC}") = "StudentMVC", "StudentMVC\StudentMVC.csproj", "{34913238-A171-4566-9D39-1E2D64EC442A}"
EndProject
Project("{FAE04EC0-301F-11D3-BF4B-00C04F79EFBC}") = "StudentMVC.Tests", "StudentMVC.Tests\StudentMVC.Tests.csproj", "{920E058E-F564-41E4-BBC8-A9506FAE62D9}"
EndProject
Project("{FAE04EC0-301F-11D3-BF4B-00C04F79EFBC}") = "StudentWebAPI", "StudentWebAPI\StudentWebAPI.csproj", "{8E52AC6F-DC24-4B50-AD60-114DA5EB37EE}"
EndProject
Project("{FAE04EC0-301F-11D3-BF4B-00C04F79EFBC}") = "StudentWebAPI.Tests", "StudentWebAPI.Tests\StudentWebAPI.Tests.csproj", "{00E01C23-CB50-4825-B4DA-D118AE625C59}"
EndProject
Project("{2150E333-8FDC-42A3-9474-1A3956D46DE8}") = "Solution Items", "Solution Items", "{F38915B1-1A43-4654-9B7D-96CBBFBB122B}"
	ProjectSection(SolutionItems) = preProject
		DataBaseFiles\Student.mdf = DataBaseFiles\Student.mdf
		DataBaseFiles\Student_log.ldf = DataBaseFiles\Student_log.ldf
	EndProjectSection
EndProject
Project("{FAE04EC0-301F-11D3-BF4B-00C04F79EFBC}") = "StudentDataLayer_LINQ", "StudentDataLayer_LINQ\StudentDataLayer_LINQ.csproj", "{5B9B7E77-D705-429C-9768-A1B7982BC440}"
EndProject
Project("{FAE04EC0-301F-11D3-BF4B-00C04F79EFBC}") = "Globaltesting", "Globaltesting\Globaltesting.csproj", "{4D3F65CA-27DC-4063-8DD3-1AA206DE7E56}"
EndProject
Project("{FAE04EC0-301F-11D3-BF4B-00C04F79EFBC}") = "ServicesForJScript", "ServicesForJScript\ServicesForJScript\ServicesForJScript.csproj", "{3927D4BC-A4F5-4E93-AFD8-AF03D81DF168}"
EndProject
Project("{FAE04EC0-301F-11D3-BF4B-00C04F79EFBC}") = "TestJScriptWebApp", "ServicesForJScript\TestJScriptWebApp\TestJScriptWebApp.csproj", "{84F1DF78-A2A3-4B93-AAD4-5F1E8C9478FF}"
EndProject
Project("{FAE04EC0-301F-11D3-BF4B-00C04F79EFBC}") = "FormsAuthWebForms", "FormsAuthWebForms\FormsAuthWebForms.csproj", "{B58A8485-807D-4CD6-B273-03939ABB8377}"
EndProject
Project("{FAE04EC0-301F-11D3-BF4B-00C04F79EFBC}") = "ASPNetMVCFormAuth", "ASPNetMVCFormAuth\ASPNetMVCFormAuth.csproj", "{FF57B580-2646-45B9-90F4-1800CBB3681F}"
EndProject
Project("{FAE04EC0-301F-11D3-BF4B-00C04F79EFBC}") = "ASPMVCBasicAuthCheck", "ASPMVCBasicAuthCheck\ASPMVCBasicAuthCheck.csproj", "{C74B3FCC-A8AF-4A05-9C6D-F261D0DF8FC3}"
EndProject
Project("{FAE04EC0-301F-11D3-BF4B-00C04F79EFBC}") = "ASPMVCOnlyOwinAuth", "ASPMVCOnlyOwinAuth\ASPMVCOnlyOwinAuth.csproj", "{F64163F5-EAB2-4688-B01F-70F27562E017}"
EndProject
Global
	GlobalSection(SolutionConfigurationPlatforms) = preSolution
		Debug|Any CPU = Debug|Any CPU
		Release|Any CPU = Release|Any CPU
	EndGlobalSection
	GlobalSection(ProjectConfigurationPlatforms) = postSolution
		{016FC8A3-6F63-4798-84C2-53A87BF97E1E}.Debug|Any CPU.ActiveCfg = Debug|Any CPU
		{016FC8A3-6F63-4798-84C2-53A87BF97E1E}.Debug|Any CPU.Build.0 = Debug|Any CPU
		{016FC8A3-6F63-4798-84C2-53A87BF97E1E}.Release|Any CPU.ActiveCfg = Release|Any CPU
		{016FC8A3-6F63-4798-84C2-53A87BF97E1E}.Release|Any CPU.Build.0 = Release|Any CPU
		{504F5752-0C02-43B1-BEBB-727CA0343D34}.Debug|Any CPU.ActiveCfg = Debug|Any CPU
		{504F5752-0C02-43B1-BEBB-727CA0343D34}.Debug|Any CPU.Build.0 = Debug|Any CPU
		{504F5752-0C02-43B1-BEBB-727CA0343D34}.Release|Any CPU.ActiveCfg = Release|Any CPU
		{504F5752-0C02-43B1-BEBB-727CA0343D34}.Release|Any CPU.Build.0 = Release|Any CPU
		{34913238-A171-4566-9D39-1E2D64EC442A}.Debug|Any CPU.ActiveCfg = Debug|Any CPU
		{34913238-A171-4566-9D39-1E2D64EC442A}.Debug|Any CPU.Build.0 = Debug|Any CPU
		{34913238-A171-4566-9D39-1E2D64EC442A}.Release|Any CPU.ActiveCfg = Release|Any CPU
		{34913238-A171-4566-9D39-1E2D64EC442A}.Release|Any CPU.Build.0 = Release|Any CPU
		{920E058E-F564-41E4-BBC8-A9506FAE62D9}.Debug|Any CPU.ActiveCfg = Debug|Any CPU
		{920E058E-F564-41E4-BBC8-A9506FAE62D9}.Debug|Any CPU.Build.0 = Debug|Any CPU
		{920E058E-F564-41E4-BBC8-A9506FAE62D9}.Release|Any CPU.ActiveCfg = Release|Any CPU
		{920E058E-F564-41E4-BBC8-A9506FAE62D9}.Release|Any CPU.Build.0 = Release|Any CPU
		{8E52AC6F-DC24-4B50-AD60-114DA5EB37EE}.Debug|Any CPU.ActiveCfg = Debug|Any CPU
		{8E52AC6F-DC24-4B50-AD60-114DA5EB37EE}.Debug|Any CPU.Build.0 = Debug|Any CPU
		{8E52AC6F-DC24-4B50-AD60-114DA5EB37EE}.Release|Any CPU.ActiveCfg = Release|Any CPU
		{8E52AC6F-DC24-4B50-AD60-114DA5EB37EE}.Release|Any CPU.Build.0 = Release|Any CPU
		{00E01C23-CB50-4825-B4DA-D118AE625C59}.Debug|Any CPU.ActiveCfg = Debug|Any CPU
		{00E01C23-CB50-4825-B4DA-D118AE625C59}.Debug|Any CPU.Build.0 = Debug|Any CPU
		{00E01C23-CB50-4825-B4DA-D118AE625C59}.Release|Any CPU.ActiveCfg = Release|Any CPU
		{00E01C23-CB50-4825-B4DA-D118AE625C59}.Release|Any CPU.Build.0 = Release|Any CPU
		{5B9B7E77-D705-429C-9768-A1B7982BC440}.Debug|Any CPU.ActiveCfg = Debug|Any CPU
		{5B9B7E77-D705-429C-9768-A1B7982BC440}.Debug|Any CPU.Build.0 = Debug|Any CPU
		{5B9B7E77-D705-429C-9768-A1B7982BC440}.Release|Any CPU.ActiveCfg = Release|Any CPU
		{5B9B7E77-D705-429C-9768-A1B7982BC440}.Release|Any CPU.Build.0 = Release|Any CPU
		{4D3F65CA-27DC-4063-8DD3-1AA206DE7E56}.Debug|Any CPU.ActiveCfg = Debug|Any CPU
		{4D3F65CA-27DC-4063-8DD3-1AA206DE7E56}.Debug|Any CPU.Build.0 = Debug|Any CPU
		{4D3F65CA-27DC-4063-8DD3-1AA206DE7E56}.Release|Any CPU.ActiveCfg = Release|Any CPU
		{4D3F65CA-27DC-4063-8DD3-1AA206DE7E56}.Release|Any CPU.Build.0 = Release|Any CPU
		{3927D4BC-A4F5-4E93-AFD8-AF03D81DF168}.Debug|Any CPU.ActiveCfg = Debug|Any CPU
		{3927D4BC-A4F5-4E93-AFD8-AF03D81DF168}.Debug|Any CPU.Build.0 = Debug|Any CPU
		{3927D4BC-A4F5-4E93-AFD8-AF03D81DF168}.Release|Any CPU.ActiveCfg = Release|Any CPU
		{3927D4BC-A4F5-4E93-AFD8-AF03D81DF168}.Release|Any CPU.Build.0 = Release|Any CPU
		{84F1DF78-A2A3-4B93-AAD4-5F1E8C9478FF}.Debug|Any CPU.ActiveCfg = Debug|Any CPU
		{84F1DF78-A2A3-4B93-AAD4-5F1E8C9478FF}.Debug|Any CPU.Build.0 = Debug|Any CPU
		{84F1DF78-A2A3-4B93-AAD4-5F1E8C9478FF}.Release|Any CPU.ActiveCfg = Release|Any CPU
		{84F1DF78-A2A3-4B93-AAD4-5F1E8C9478FF}.Release|Any CPU.Build.0 = Release|Any CPU
		{B58A8485-807D-4CD6-B273-03939ABB8377}.Debug|Any CPU.ActiveCfg = Debug|Any CPU
		{B58A8485-807D-4CD6-B273-03939ABB8377}.Debug|Any CPU.Build.0 = Debug|Any CPU
		{B58A8485-807D-4CD6-B273-03939ABB8377}.Release|Any CPU.ActiveCfg = Release|Any CPU
		{B58A8485-807D-4CD6-B273-03939ABB8377}.Release|Any CPU.Build.0 = Release|Any CPU
		{FF57B580-2646-45B9-90F4-1800CBB3681F}.Debug|Any CPU.ActiveCfg = Debug|Any CPU
		{FF57B580-2646-45B9-90F4-1800CBB3681F}.Debug|Any CPU.Build.0 = Debug|Any CPU
		{FF57B580-2646-45B9-90F4-1800CBB3681F}.Release|Any CPU.ActiveCfg = Release|Any CPU
		{FF57B580-2646-45B9-90F4-1800CBB3681F}.Release|Any CPU.Build.0 = Release|Any CPU
		{C74B3FCC-A8AF-4A05-9C6D-F261D0DF8FC3}.Debug|Any CPU.ActiveCfg = Debug|Any CPU
		{C74B3FCC-A8AF-4A05-9C6D-F261D0DF8FC3}.Debug|Any CPU.Build.0 = Debug|Any CPU
		{C74B3FCC-A8AF-4A05-9C6D-F261D0DF8FC3}.Release|Any CPU.ActiveCfg = Release|Any CPU
		{C74B3FCC-A8AF-4A05-9C6D-F261D0DF8FC3}.Release|Any CPU.Build.0 = Release|Any CPU
		{F64163F5-EAB2-4688-B01F-70F27562E017}.Debug|Any CPU.ActiveCfg = Debug|Any CPU
		{F64163F5-EAB2-4688-B01F-70F27562E017}.Debug|Any CPU.Build.0 = Debug|Any CPU
		{F64163F5-EAB2-4688-B01F-70F27562E017}.Release|Any CPU.ActiveCfg = Release|Any CPU
		{F64163F5-EAB2-4688-B01F-70F27562E017}.Release|Any CPU.Build.0 = Release|Any CPU
	EndGlobalSection
	GlobalSection(SolutionProperties) = preSolution
		HideSolutionNode = FALSE
	EndGlobalSection
	GlobalSection(ExtensibilityGlobals) = postSolution
		SolutionGuid = {E07F34C5-D398-4EEA-B467-7E12C092BF72}
	EndGlobalSection
EndGlobal
